
Microsoft Visual Studio Solution File, Format Version 12.00
# Visual Studio Version 16
VisualStudioVersion = 16.0.29609.76
MinimumVisualStudioVersion = 10.0.40219.1
Project("{FAE04EC0-301F-11D3-BF4B-00C04F79EFBC}") = "WhatsAppGroupAnalysis", "WhatsAppGroupAnalysis.csproj", "{95A4D90E-E72D-4F65-9EE6-2E2A810559E7}"
EndProject
Global
	GlobalSection(SolutionConfigurationPlatforms) = preSolution
		Debug|Any CPU = Debug|Any CPU
		Release|Any CPU = Release|Any CPU
	EndGlobalSection
	GlobalSection(ProjectConfigurationPlatforms) = postSolution
		{95A4D90E-E72D-4F65-9EE6-2E2A810559E7}.Debug|Any CPU.ActiveCfg = Debug|Any CPU
		{95A4D90E-E72D-4F65-9EE6-2E2A810559E7}.Debug|Any CPU.Build.0 = Debug|Any CPU
		{95A4D90E-E72D-4F65-9EE6-2E2A810559E7}.Release|Any CPU.ActiveCfg = Release|Any CPU
		{95A4D90E-E72D-4F65-9EE6-2E2A810559E7}.Release|Any CPU.Build.0 = Release|Any CPU
	EndGlobalSection
	GlobalSection(SolutionProperties) = preSolution
		HideSolutionNode = FALSE
	EndGlobalSection
	GlobalSection(ExtensibilityGlobals) = postSolution
		SolutionGuid = {4038536B-7454-4749-8A83-5ABB7A4AFD2F}
	EndGlobalSection
EndGlobal
